{
    "_meta": {
        "hash": {
            "sha256": "d8f7cd1992b6e6c5fa16127a706d735ac0e93f03b01d624d260b2dfd725166b4"
        },
        "pipfile-spec": 6,
        "requires": {
            "python_version": "2.7"
        },
        "sources": [
            {
                "name": "pypi",
                "url": "https://pypi.org/simple",
                "verify_ssl": true
            }
        ]
    },
    "default": {
        "argparse": {
            "hashes": [
                "sha256:62b089a55be1d8949cd2bc7e0df0bddb9e028faefc8c32038cc84862aefdd6e4",
                "sha256:c31647edb69fd3d465a847ea3157d37bed1f95f19760b11a47aa91c04b666314"
            ],
            "index": "pypi",
            "version": "==1.4.0"
        },
        "decorator": {
            "hashes": [
                "sha256:7320002ce61dea6aa24adc945d9d7831b3669553158905cdd12f5d0027b54b44"
            ],
            "index": "pypi",
            "version": "==3.4.2"
        },
        "gevent": {
            "hashes": [
                "sha256:03385b7d2da0e3d3a7682d85a5f19356f7caa861787363fe12edd1d52227163f",
                "sha256:0eab938d65485b900b4f716a099a59459fc7e8b53b8af75bf6267a12f9830a66",
                "sha256:25a094ecdc4f503e81b81b94e654a1a2343bfecafedf7b481e5aa6b0adb84206",
                "sha256:2f33b4f2d55b562d839e93e2355d7f9a6947a9c68e3044eab17a086a725601e6",
                "sha256:33c08d6b4a906169727dc1b9dc709e40f8abd0a966d310bceabc790acd950a56",
                "sha256:3c9229e4eac2df1ce2b097996d3ee318ea90eb11d9e4d7cb14558cbcf02b2262",
                "sha256:45a5af965cc969dd06128740f5999b9bdb440cb0ba4e9c066e5c17a2c33c89a8",
                "sha256:4c6103fa852c352b4f906ea07008fabc06a1f5d2f2209b2f8fbae41227f80a79",
                "sha256:608b13b4e2fa462175a53f61c907c24a179abb4d7902f25709a0f908105c22db",
                "sha256:7593740e5faeb17d5c5a79e6f80c11a618cf5d250b93df1eafa38324ff275676",
                "sha256:75dd068dfa83865f4a51121068b1644be9d61921fe1f5b79cf14cc86729f79b7",
                "sha256:82bd100f70699809be1848c0a04bed86bd817b0f79f67d7340205d23badc7096",
                "sha256:8753de5a3501093508e6f89c347f37a847d7acf541ff28c977bbbedc2e917c13",
                "sha256:975047b90345f7d811977fb859a1455bd9768d584f32c23a06a4821dd9735d1c",
                "sha256:b2814258e3b3fb32786bb73af271ad31f51e1ac01f33b37426b66cb8491b4c29",
                "sha256:b34b42e86b764a9e948991af5fc43f6d39ee0148a8502ad4d9267ec1401e5401",
                "sha256:b94f8f25c6f6ddf9ee3266db9113928c1eca9b01378f8376928620243ee66358",
                "sha256:c182733b7445074f11cd2ccb9b6c19f6407167d551089b24db6c6823224e085f",
                "sha256:c5972a6e8ef5b4ed06c719ab9ea40f76b35e399f76111621009cb8b2a5a20b9c",
                "sha256:cae2bffbda0f1641db20055506105d7c209f79ace0a32134359b3c65a0e9b02f",
                "sha256:ce7c562d02ad6c351799f4c8bf81207056118b01e04908de7aca49580f7f1ead",
                "sha256:d3c93c39d4a23979d199741fc5610e3f75fc6fcc15f779dd2469e343368a5794",
                "sha256:f0fda50447a6f6f50ddc9b865ce7fc3d3389694b3a0648f059f7f5b639fc33d3"
            ],
            "index": "pypi",
            "version": "==1.5.0"
        },
        "greenlet": {
            "hashes": [
                "sha256:03a8f4f3430c3b3ff8d10a2a86028c660355ab637cee9333d63d66b56f09d52a",
                "sha256:0bf60faf0bc2468089bdc5edd10555bab6e85152191df713e2ab1fcc86382b5a",
                "sha256:18a7f18b82b52ee85322d7a7874e676f34ab319b9f8cce5de06067384aa8ff43",
                "sha256:18e98fb3de7dba1c0a852731c3070cf022d14f0d68b4c87a19cc1016f3bb8b33",
                "sha256:1a819eef4b0e0b96bb0d98d797bef17dc1b4a10e8d7446be32d1da33e095dbb8",
                "sha256:26fbfce90728d82bc9e6c38ea4d038cba20b7faf8a0ca53a9c07b67318d46088",
                "sha256:2780572ec463d44c1d3ae850239508dbeb9fed38e294c68d19a24d925d9223ca",
                "sha256:283737e0da3f08bd637b5ad058507e578dd462db259f7f6e4c5c365ba4ee9343",
                "sha256:2d4686f195e32d36b4d7cf2d166857dbd0ee9f3d20ae349b6bf8afc8485b3645",
                "sha256:2dd11f291565a81d71dab10b7033395b7a3a5456e637cf997a6f33ebdf06f8db",
                "sha256:30bcf80dda7f15ac77ba5af2b961bdd9dbc77fd4ac6105cee85b0d0a5fcf74df",
                "sha256:32e5b64b148966d9cccc2c8d35a671409e45f195864560829f395a54226408d3",
                "sha256:36abbf031e1c0f79dd5d596bfaf8e921c41df2bdf54ee1eed921ce1f52999a86",
                "sha256:3a06ad5312349fec0ab944664b01d26f8d1f05009566339ac6f63f56589bc1a2",
                "sha256:3a51c9751078733d88e013587b108f1b7a1fb106d402fb390740f002b6f6551a",
                "sha256:3c9b12575734155d0c09d6c3e10dbd81665d5c18e1a7c6597df72fd05990c8cf",
                "sha256:3f6ea9bd35eb450837a3d80e77b517ea5bc56b4647f5502cd28de13675ee12f7",
                "sha256:4b58adb399c4d61d912c4c331984d60eb66565175cdf4a34792cd9600f21b394",
                "sha256:4d2e11331fc0c02b6e84b0d28ece3a36e0548ee1a1ce9ddde03752d9b79bba40",
                "sha256:5454276c07d27a740c5892f4907c86327b632127dd9abec42ee62e12427ff7e3",
                "sha256:561091a7be172ab497a3527602d467e2b3fbe75f9e783d8b8ce403fa414f71a6",
                "sha256:6c3acb79b0bfd4fe733dff8bc62695283b57949ebcca05ae5c129eb606ff2d74",
                "sha256:703f18f3fda276b9a916f0934d2fb6d989bf0b4fb5a64825260eb9bfd52d78f0",
                "sha256:7492e2b7bd7c9b9916388d9df23fa49d9b88ac0640db0a5b4ecc2b653bf451e3",
                "sha256:76ae285c8104046b3a7f06b42f29c7b73f77683df18c49ab5af7983994c2dd91",
                "sha256:7cafd1208fdbe93b67c7086876f061f660cfddc44f404279c1585bbf3cdc64c5",
                "sha256:7efde645ca1cc441d6dc4b48c0f7101e8d86b54c8530141b09fd31cef5149ec9",
                "sha256:88d9ab96491d38a5ab7c56dd7a3cc37d83336ecc564e4e8816dbed12e5aaefc8",
                "sha256:8eab883b3b2a38cc1e050819ef06a7e6344d4a990d24d45bc6f2cf959045a45b",
                "sha256:910841381caba4f744a44bf81bfd573c94e10b3045ee00de0cbf436fe50673a6",
                "sha256:9190f09060ea4debddd24665d6804b995a9c122ef5917ab26e1566dcc712ceeb",
                "sha256:937e9020b514ceedb9c830c55d5c9872abc90f4b5862f89c0887033ae33c6f73",
                "sha256:94c817e84245513926588caf1152e3b559ff794d505555211ca041f032abbb6b",
                "sha256:971ce5e14dc5e73715755d0ca2975ac88cfdaefcaab078a284fea6cfabf866df",
                "sha256:9d14b83fab60d5e8abe587d51c75b252bcc21683f24699ada8fb275d7712f5a9",
                "sha256:9f35ec95538f50292f6d8f2c9c9f8a3c6540bbfec21c9e5b4b751e0a7c20864f",
                "sha256:a1846f1b999e78e13837c93c778dcfc3365902cfb8d1bdb7dd73ead37059f0d0",
                "sha256:acd2162a36d3de67ee896c43effcd5ee3de247eb00354db411feb025aa319857",
                "sha256:b0ef99cdbe2b682b9ccbb964743a6aca37905fda5e0452e5ee239b1654d37f2a",
                "sha256:b80f600eddddce72320dbbc8e3784d16bd3fb7b517e82476d8da921f27d4b249",
                "sha256:b864ba53912b6c3ab6bcb2beb19f19edd01a6bfcbdfe1f37ddd1778abfe75a30",
                "sha256:b9ec052b06a0524f0e35bd8790686a1da006bd911dd1ef7d50b77bfbad74e292",
                "sha256:ba2956617f1c42598a308a84c6cf021a90ff3862eddafd20c3333d50f0edb45b",
                "sha256:bdfea8c661e80d3c1c99ad7c3ff74e6e87184895bbaca6ee8cc61209f8b9b85d",
                "sha256:be4ed120b52ae4d974aa40215fcdfde9194d63541c7ded40ee12eb4dda57b76b",
                "sha256:c4302695ad8027363e96311df24ee28978162cdcdd2006476c43970b384a244c",
                "sha256:c48f54ef8e05f04d6eff74b8233f6063cb1ed960243eacc474ee73a2ea8573ca",
                "sha256:c9c59a2120b55788e800d82dfa99b9e156ff8f2227f07c5e3012a45a399620b7",
                "sha256:cd021c754b162c0fb55ad5d6b9d960db667faad0fa2ff25bb6e1301b0b6e6a75",
                "sha256:d27ec7509b9c18b6d73f2f5ede2622441de812e7b1a80bbd446cb0633bd3d5ae",
                "sha256:d5508f0b173e6aa47273bdc0a0b5ba055b59662ba7c7ee5119528f466585526b",
                "sha256:d75209eed723105f9596807495d58d10b3470fa6732dd6756595e89925ce2470",
                "sha256:db1a39669102a1d8d12b57de2bb7e2ec9066a6f2b3da35ae511ff93b01b5d564",
                "sha256:dbfcfc0218093a19c252ca8eb9aee3d29cfdcb586df21049b9d777fd32c14fd9",
                "sha256:e0f72c9ddb8cd28532185f54cc1453f2c16fb417a08b53a855c4e6a418edd099",
                "sha256:e7c8dc13af7db097bed64a051d2dd49e9f0af495c26995c00a9ee842690d34c0",
                "sha256:ea9872c80c132f4663822dd2a08d404073a5a9b5ba6155bea72fb2a79d1093b5",
                "sha256:eff4eb9b7eb3e4d0cae3d28c283dc16d9bed6b193c2e1ace3ed86ce48ea8df19",
                "sha256:f82d4d717d8ef19188687aa32b8363e96062911e63ba22a0cff7802a8e58e5f1",
                "sha256:fc3a569657468b6f3fb60587e48356fe512c1754ca05a564f11366ac9e306526"
            ],
            "markers": "platform_python_implementation == 'CPython'",
            "version": "==2.0.2"
        },
        "hiredis": {
            "hashes": [
                "sha256:098d0c767115fb2ffee4f142d76ad86785829ef22b07a0ce2d289eef78186705",
                "sha256:09f2d7bc980b2d1f402b39d4cc7841988493cf06580fd4b3120cbcf8a73402e5",
                "sha256:1875ca8a843efd3220e1a39c0e754847030b7fd8ff4102c23d7ab7c791ccf0c2",
                "sha256:2014924fb557541ee239e5035ddf8c4c03b166a0d6f45b265b1cad867091a617",
                "sha256:22d814b567774c04459d7ff36979bacc4ada490d316579b3c357cfd949677c30",
                "sha256:28c9da46e2f51d9a3b59dbf42e41278c979413bc0067a119fd51cf28a2f36379",
                "sha256:4c0f4f3c94f4c9071e3f58546d05757a9e2e49e64769395963238548807ecd22",
                "sha256:5ae5dd2d78ec1ea593207fa1c9bdc46da8b1713f038695f83457bc8307243ce2",
                "sha256:602f667281cedf0e21c8648aaf72e70d6a0ccf7ee274b4bc9ea6aa889f27b66c",
                "sha256:66344a5bdf19b39ba3c00101663806ef92fd75b1451a2f3f33ca73352fabaa01",
                "sha256:691e5c4efca2cf974ed24414af4d32c91bbf7650353504da918e0c29ad171d8b",
                "sha256:69a9d6c742ffd586093def8ac3dd1907907c8396b36af8b0490e9e52f0015e99",
                "sha256:726e546d6b2133787b6c690176ed54d969f5c90f5bda650c5cbaa44bf18e4507",
                "sha256:73227ed9d34648eae694cf3b4683840ea0e7dace682dcf3f1f732b42f9f0631c",
                "sha256:736a30992ede64b79989869e1a068fec93405dac71d87a316f22ee72e75cb6a5",
                "sha256:79742f23dbb6a8dcf8b857ced49e81f872a792f587a98f0a4fe620a175eb8b70",
                "sha256:7bf565198d612ad6b19a83b2d65a8e88d2b82608b0c4513c89ecfc25bd1dcce0",
                "sha256:ae104a4a622320e0174fb82874d383b6b5fef0e3a38375695e01300107cc3e67",
                "sha256:bdd78231aac38eadd00112c6eb8f6862ce9264a397602cd7eb6fe47e1c7273ba",
                "sha256:c6a7ab327dd01d77096f60bfaff1d0d5386960190fbd8a846ec8daafd529e0e3",
                "sha256:cac4abfbd42d3bb7a363c51752f909645559617e3cbd2c9fd175159cd8bbc102",
                "sha256:cf216d6fbacef0a20d23755d2d453dc6672ba5fd2b0cf76c548f4f620fce2cfe",
                "sha256:d8222d09da762891d4ef39374b1f2318da0ba02faf609d254438672892155eee",
                "sha256:dac079ff66c2d1c56f62f0a9b0a7a01784ad7b9eb136b9a931f7ab57463e70de",
                "sha256:e68638e460e95a68dbcef6f78be8210f4405eac020f10ee52cafee54084d3699",
                "sha256:fb8b80d2fb45857fd19d04387e4207412124e470c3b5d4d3568a6d9b74a72e99",
                "sha256:fc3eb53b51acf467ae7d60e92af23dee33b20871d84ce33e6e61b9e00077ff48",
                "sha256:ffe6d9bc7f3637d962eb4706a2908ba4064ec997beb99540bb385a0f7d7fe39a"
            ],
            "index": "pypi",
            "version": "==0.3.1"
        },
        "logstash-formatter": {
            "hashes": [
                "sha256:163f5ef62df5459f1d36dcb54e9c3f8f0c90157a324a3361887532b615bf4fb9"
            ],
            "index": "pypi",
            "version": "==0.5.17"
        },
        "psutil": {
            "hashes": [
                "sha256:47fc6887ec86bd7a422326dfc77e2b43fcbc71e498194f86088bb2268c2372b7",
                "sha256:5236f649318a06dcff8b86947c888d4510abce1783923aa5455b2d62df7204c7",
                "sha256:709d2e851c161f1ffad6bd7ed925ee90229dbd2067fbc26126c11d473075d7b7",
                "sha256:a5238a16cd85d4f3240dfca8ad94cb0bfe8643acb5c21d839a53caa86d8a23ab",
                "sha256:c00ec6a0e061e31687851c06d542500fd47b0ed415818e0da61c294f2796572b",
                "sha256:ee218aa12ee3af563833cf0bf109b15382261a0760a1ce636bf9e26e630f833e",
                "sha256:f675a6346e5bd02469b043afff2db1b8e0b180e8a6d1ca94d44d23f26f60e68f",
                "sha256:facf21db78120afb79ec51685043a5f84e897a84a7678db4381c0e377a481364",
                "sha256:fdf22a72f891a45b8a9ebca85b50a055a4ba7a8c05b98f93e1387b8ee88a4562"
            ],
            "index": "pypi",
            "version": "==0.7.1"
        },
        "qless-py": {
            "path": ".",
            "version": "==0.10.1"
        },
        "redis": {
            "hashes": [
                "sha256:8a1900a9f2a0a44ecf6e8b5eb3e967a9909dfed219ad66df094f27f7d6f330fb",
                "sha256:a22ca993cea2962dbb588f9f30d0015ac4afcc45bee27d3978c0dbe9e97c6c0f"
            ],
            "index": "pypi",
            "version": "==2.10.6"
        },
        "setproctitle": {
            "hashes": [
                "sha256:6283b7a58477dd8478fbb9e76defb37968ee4ba47b05ec1c053cb39638bd7398",
                "sha256:6a035eddac62898786aed2c2eee7334c28cfc8106e8eb29fdd117cac56c6cdf0"
            ],
            "index": "pypi",
            "version": "==1.1.10"
        },
        "simplejson": {
            "hashes": [
                "sha256:081ea6305b3b5e84ae7417e7f45956db5ea3872ec497a584ec86c3260cda049e",
                "sha256:08be5a241fdf67a8e05ac7edbd49b07b638ebe4846b560673e196b2a25c94b92",
                "sha256:0c16ec6a67a5f66ab004190829eeede01c633936375edcad7cbf06d3241e5865",
                "sha256:0ccb2c1877bc9b25bc4f4687169caa925ffda605d7569c40e8e95186e9a5e58b",
                "sha256:17a963e8dd4d81061cc05b627677c1f6a12e81345111fbdc5708c9f088d752c9",
                "sha256:199a0bcd792811c252d71e3eabb3d4a132b3e85e43ebd93bfd053d5b59a7e78b",
                "sha256:1cb19eacb77adc5a9720244d8d0b5507421d117c7ed4f2f9461424a1829e0ceb",
                "sha256:203412745fed916fc04566ecef3f2b6c872b52f1e7fb3a6a84451b800fb508c1",
                "sha256:2098811cd241429c08b7fc5c9e41fcc3f59f27c2e8d1da2ccdcf6c8e340ab507",
                "sha256:22b867205cd258050c2625325fdd9a65f917a5aff22a23387e245ecae4098e78",
                "sha256:23fbb7b46d44ed7cbcda689295862851105c7594ae5875dce2a70eeaa498ff86",
                "sha256:2541fdb7467ef9bfad1f55b6c52e8ea52b3ce4a0027d37aff094190a955daa9d",
                "sha256:3231100edee292da78948fa0a77dee4e5a94a0a60bcba9ed7a9dc77f4d4bb11e",
                "sha256:344a5093b71c1b370968d0fbd14d55c9413cb6f0355fdefeb4a322d602d21776",
                "sha256:37724c634f93e5caaca04458f267836eb9505d897ab3947b52f33b191bf344f3",
                "sha256:3844305bc33d52c4975da07f75b480e17af3558c0d13085eaa6cc2f32882ccf7",
                "sha256:390f4a8ca61d90bcf806c3ad644e05fa5890f5b9a72abdd4ca8430cdc1e386fa",
                "sha256:3a4480e348000d89cf501b5606415f4d328484bbb431146c2971123d49fd8430",
                "sha256:3b652579c21af73879d99c8072c31476788c8c26b5565687fd9db154070d852a",
                "sha256:3e0902c278243d6f7223ba3e6c5738614c971fd9a887fff8feaa8dcf7249c8d4",
                "sha256:412e58997a30c5deb8cab5858b8e2e5b40ca007079f7010ee74565cc13d19665",
                "sha256:44cdb4e544134f305b033ad79ae5c6b9a32e7c58b46d9f55a64e2a883fbbba01",
                "sha256:46133bc7dd45c9953e6ee4852e3de3d5a9a4a03b068bd238935a5c72f0a1ce34",
                "sha256:46e89f58e4bed107626edce1cf098da3664a336d01fc78fddcfb1f397f553d44",
                "sha256:4710806eb75e87919b858af0cba4ffedc01b463edc3982ded7b55143f39e41e1",
                "sha256:476c8033abed7b1fd8db62a7600bf18501ce701c1a71179e4ce04ac92c1c5c3c",
                "sha256:48600a6e0032bed17c20319d91775f1797d39953ccfd68c27f83c8d7fc3b32cb",
                "sha256:4d3025e7e9ddb48813aec2974e1a7e68e63eac911dd5e0a9568775de107ac79a",
                "sha256:547ea86ca408a6735335c881a2e6208851027f5bfd678d8f2c92a0f02c7e7330",
                "sha256:54fca2b26bcd1c403146fd9461d1da76199442297160721b1d63def2a1b17799",
                "sha256:5673d27806085d2a413b3be5f85fad6fca4b7ffd31cfe510bbe65eea52fff571",
                "sha256:58ee5e24d6863b22194020eb62673cf8cc69945fcad6b283919490f6e359f7c5",
                "sha256:5ca922c61d87b4c38f37aa706520328ffe22d7ac1553ef1cadc73f053a673553",
                "sha256:5db86bb82034e055257c8e45228ca3dbce85e38d7bfa84fa7b2838e032a3219c",
                "sha256:6277f60848a7d8319d27d2be767a7546bc965535b28070e310b3a9af90604a4c",
                "sha256:6424d8229ba62e5dbbc377908cfee9b2edf25abd63b855c21f12ac596cd18e41",
                "sha256:65dafe413b15e8895ad42e49210b74a955c9ae65564952b0243a18fb35b986cc",
                "sha256:66389b6b6ee46a94a493a933a26008a1bae0cfadeca176933e7ff6556c0ce998",
                "sha256:66d780047c31ff316ee305c3f7550f352d87257c756413632303fc59fef19eac",
                "sha256:69a8b10a4f81548bc1e06ded0c4a6c9042c0be0d947c53c1ed89703f7e613950",
                "sha256:6a561320485017ddfc21bd2ed5de2d70184f754f1c9b1947c55f8e2b0163a268",
                "sha256:6aa7ca03f25b23b01629b1c7f78e1cd826a66bfb8809f8977a3635be2ec48f1a",
                "sha256:6b79642a599740603ca86cf9df54f57a2013c47e1dd4dd2ae4769af0a6816900",
                "sha256:6e7c70f19405e5f99168077b785fe15fcb5f9b3c0b70b0b5c2757ce294922c8c",
                "sha256:70128fb92932524c89f373e17221cf9535d7d0c63794955cc3cd5868e19f5d38",
                "sha256:73d0904c2471f317386d4ae5c665b16b5c50ab4f3ee7fd3d3b7651e564ad74b1",
                "sha256:74bf802debe68627227ddb665c067eb8c73aa68b2476369237adf55c1161b728",
                "sha256:79c748aa61fd8098d0472e776743de20fae2686edb80a24f0f6593a77f74fe86",
                "sha256:79d46e7e33c3a4ef853a1307b2032cfb7220e1a079d0c65488fbd7118f44935a",
                "sha256:7e78d79b10aa92f40f54178ada2b635c960d24fc6141856b926d82f67e56d169",
                "sha256:8090e75653ea7db75bc21fa5f7bcf5f7bdf64ea258cbbac45c7065f6324f1b50",
                "sha256:87b190e6ceec286219bd6b6f13547ca433f977d4600b4e81739e9ac23b5b9ba9",
                "sha256:889328873c35cb0b2b4c83cbb83ec52efee5a05e75002e2c0c46c4e42790e83c",
                "sha256:8f8d179393e6f0cf6c7c950576892ea6acbcea0a320838c61968ac7046f59228",
                "sha256:919bc5aa4d8094cf8f1371ea9119e5d952f741dc4162810ab714aec948a23fe5",
                "sha256:926957b278de22797bfc2f004b15297013843b595b3cd7ecd9e37ccb5fad0b72",
                "sha256:93f5ac30607157a0b2579af59a065bcfaa7fadeb4875bf927a8f8b6739c8d910",
                "sha256:96ade243fb6f3b57e7bd3b71e90c190cd0f93ec5dce6bf38734a73a2e5fa274f",
                "sha256:9f14ecca970d825df0d29d5c6736ff27999ee7bdf5510e807f7ad8845f7760ce",
                "sha256:a755f7bfc8adcb94887710dc70cc12a69a454120c6adcc6f251c3f7b46ee6aac",
                "sha256:a79b439a6a77649bb8e2f2644e6c9cc0adb720fc55bed63546edea86e1d5c6c8",
                "sha256:aa9d614a612ad02492f704fbac636f666fa89295a5d22b4facf2d665fc3b5ea9",
                "sha256:ad071cd84a636195f35fa71de2186d717db775f94f985232775794d09f8d9061",
                "sha256:b0e9a5e66969f7a47dc500e3dba8edc3b45d4eb31efb855c8647700a3493dd8a",
                "sha256:b438e5eaa474365f4faaeeef1ec3e8d5b4e7030706e3e3d6b5bee6049732e0e6",
                "sha256:b46aaf0332a8a9c965310058cf3487d705bf672641d2c43a835625b326689cf4",
                "sha256:c39fa911e4302eb79c804b221ddec775c3da08833c0a9120041dd322789824de",
                "sha256:ca56a6c8c8236d6fe19abb67ef08d76f3c3f46712c49a3b6a5352b6e43e8855f",
                "sha256:cb502cde018e93e75dc8fc7bb2d93477ce4f3ac10369f48866c61b5e031db1fd",
                "sha256:cd4d50a27b065447c9c399f0bf0a993bd0e6308db8bbbfbc3ea03b41c145775a",
                "sha256:d125e754d26c0298715bdc3f8a03a0658ecbe72330be247f4b328d229d8cf67f",
                "sha256:d300773b93eed82f6da138fd1d081dc96fbe53d96000a85e41460fe07c8d8b33",
                "sha256:d396b610e77b0c438846607cd56418bfc194973b9886550a98fd6724e8c6cfec",
                "sha256:d61482b5d18181e6bb4810b4a6a24c63a490c3a20e9fbd7876639653e2b30a1a",
                "sha256:d9f2c27f18a0b94107d57294aab3d06d6046ea843ed4a45cae8bd45756749f3a",
                "sha256:dc2b3f06430cbd4fac0dae5b2974d2bf14f71b415fb6de017f498950da8159b1",
                "sha256:dc935d8322ba9bc7b84f99f40f111809b0473df167bf5b93b89fb719d2c4892b",
                "sha256:e333c5b62e93949f5ac27e6758ba53ef6ee4f93e36cc977fe2e3df85c02f6dc4",
                "sha256:e765b1f47293dedf77946f0427e03ee45def2862edacd8868c6cf9ab97c8afbd",
                "sha256:ed18728b90758d171f0c66c475c24a443ede815cf3f1a91e907b0db0ebc6e508",
                "sha256:eff87c68058374e45225089e4538c26329a13499bc0104b52b77f8428eed36b2",
                "sha256:f05d05d99fce5537d8f7a0af6417a9afa9af3a6c4bb1ba7359c53b6257625fcb",
                "sha256:f253edf694ce836631b350d758d00a8c4011243d58318fbfbe0dd54a6a839ab4",
                "sha256:f41915a4e1f059dfad614b187bc06021fefb5fc5255bfe63abf8247d2f7a646a",
                "sha256:f96def94576f857abf58e031ce881b5a3fc25cbec64b2bc4824824a8a4367af9"
            ],
            "index": "pypi",
            "version": "==3.19.1"
        }
    },
    "develop": {}
}
